
Microsoft Visual Studio Solution File, Format Version 12.00
# Visual Studio Version 17
VisualStudioVersion = 17.14.36414.22 d17.14
MinimumVisualStudioVersion = 10.0.40219.1
Project("{FAE04EC0-301F-11D3-BF4B-00C04F79EFBC}") = "EmployeeApplication", "EmployeeApplication\EmployeeApplication.csproj", "{D174D4FA-1EFE-41E7-9546-6AE9609A717C}"
EndProject
Global
	GlobalSection(SolutionConfigurationPlatforms) = preSolution
		Debug|Any CPU = Debug|Any CPU
		Release|Any CPU = Release|Any CPU
	EndGlobalSection
	GlobalSection(ProjectConfigurationPlatforms) = postSolution
		{D174D4FA-1EFE-41E7-9546-6AE9609A717C}.Debug|Any CPU.ActiveCfg = Debug|Any CPU
		{D174D4FA-1EFE-41E7-9546-6AE9609A717C}.Debug|Any CPU.Build.0 = Debug|Any CPU
		{D174D4FA-1EFE-41E7-9546-6AE9609A717C}.Release|Any CPU.ActiveCfg = Release|Any CPU
		{D174D4FA-1EFE-41E7-9546-6AE9609A717C}.Release|Any CPU.Build.0 = Release|Any CPU
	EndGlobalSection
	GlobalSection(SolutionProperties) = preSolution
		HideSolutionNode = FALSE
	EndGlobalSection
	GlobalSection(ExtensibilityGlobals) = postSolution
		SolutionGuid = {88CEFE08-C93D-4920-9DB3-C988EB1D6ACB}
	EndGlobalSection
EndGlobal
