
Microsoft Visual Studio Solution File, Format Version 12.00
# Visual Studio Version 17
VisualStudioVersion = 17.14.36511.14 d17.14
MinimumVisualStudioVersion = 10.0.40219.1
Project("{FAE04EC0-301F-11D3-BF4B-00C04F79EFBC}") = "Threads", "Threads\Threads.csproj", "{6F5B9571-9A7D-4540-A9AC-D647ABF0450C}"
EndProject
Global
	GlobalSection(SolutionConfigurationPlatforms) = preSolution
		Debug|Any CPU = Debug|Any CPU
		Release|Any CPU = Release|Any CPU
	EndGlobalSection
	GlobalSection(ProjectConfigurationPlatforms) = postSolution
		{6F5B9571-9A7D-4540-A9AC-D647ABF0450C}.Debug|Any CPU.ActiveCfg = Debug|Any CPU
		{6F5B9571-9A7D-4540-A9AC-D647ABF0450C}.Debug|Any CPU.Build.0 = Debug|Any CPU
		{6F5B9571-9A7D-4540-A9AC-D647ABF0450C}.Release|Any CPU.ActiveCfg = Release|Any CPU
		{6F5B9571-9A7D-4540-A9AC-D647ABF0450C}.Release|Any CPU.Build.0 = Release|Any CPU
	EndGlobalSection
	GlobalSection(SolutionProperties) = preSolution
		HideSolutionNode = FALSE
	EndGlobalSection
	GlobalSection(ExtensibilityGlobals) = postSolution
		SolutionGuid = {109582E5-13FC-47BF-93F7-3FB2B6826571}
	EndGlobalSection
EndGlobal
