
Microsoft Visual Studio Solution File, Format Version 12.00
# Visual Studio Version 17
VisualStudioVersion = 17.14.36511.14 d17.14
MinimumVisualStudioVersion = 10.0.40219.1
Project("{FAE04EC0-301F-11D3-BF4B-00C04F79EFBC}") = "CalculatorApplication", "CalculatorApplication\CalculatorApplication.csproj", "{9535D470-7F47-48DF-BDB6-108DD56126CC}"
EndProject
Global
	GlobalSection(SolutionConfigurationPlatforms) = preSolution
		Debug|Any CPU = Debug|Any CPU
		Release|Any CPU = Release|Any CPU
	EndGlobalSection
	GlobalSection(ProjectConfigurationPlatforms) = postSolution
		{9535D470-7F47-48DF-BDB6-108DD56126CC}.Debug|Any CPU.ActiveCfg = Debug|Any CPU
		{9535D470-7F47-48DF-BDB6-108DD56126CC}.Debug|Any CPU.Build.0 = Debug|Any CPU
		{9535D470-7F47-48DF-BDB6-108DD56126CC}.Release|Any CPU.ActiveCfg = Release|Any CPU
		{9535D470-7F47-48DF-BDB6-108DD56126CC}.Release|Any CPU.Build.0 = Release|Any CPU
	EndGlobalSection
	GlobalSection(SolutionProperties) = preSolution
		HideSolutionNode = FALSE
	EndGlobalSection
	GlobalSection(ExtensibilityGlobals) = postSolution
		SolutionGuid = {DEB3BBED-A77B-4562-A659-96CB5F54229E}
	EndGlobalSection
EndGlobal
